
Microsoft Visual Studio Solution File, Format Version 12.00
# Visual Studio 15
VisualStudioVersion = 15.0.28307.2092
MinimumVisualStudioVersion = 10.0.40219.1
Project("{FAE04EC0-301F-11D3-BF4B-00C04F79EFBC}") = "WebApplication1", "WebApplication1\WebApplication1.csproj", "{F55D3FD5-52FD-4DC1-A05A-492B17F525A3}"
EndProject
Global
	GlobalSection(SolutionConfigurationPlatforms) = preSolution
		Debug|Any CPU = Debug|Any CPU
		Release|Any CPU = Release|Any CPU
	EndGlobalSection
	GlobalSection(ProjectConfigurationPlatforms) = postSolution
		{F55D3FD5-52FD-4DC1-A05A-492B17F525A3}.Debug|Any CPU.ActiveCfg = Debug|Any CPU
		{F55D3FD5-52FD-4DC1-A05A-492B17F525A3}.Debug|Any CPU.Build.0 = Debug|Any CPU
		{F55D3FD5-52FD-4DC1-A05A-492B17F525A3}.Release|Any CPU.ActiveCfg = Release|Any CPU
		{F55D3FD5-52FD-4DC1-A05A-492B17F525A3}.Release|Any CPU.Build.0 = Release|Any CPU
	EndGlobalSection
	GlobalSection(SolutionProperties) = preSolution
		HideSolutionNode = FALSE
	EndGlobalSection
	GlobalSection(ExtensibilityGlobals) = postSolution
		SolutionGuid = {92CE3FF1-8D12-42EF-BC7A-3502D41B9385}
	EndGlobalSection
EndGlobal
